// !$*UTF8*$!
{
	archiveVersion = 1;
	classes = {
	};
	objectVersion = 46;
	objects = {

/* Begin PBXBuildFile section */
		1F8A688919EEFA7300182872 /* 132.png in Resources */ = {isa = PBXBuildFile; fileRef = 1F8A688819EEFA7300182872 /* 132.png */; };
		1FB5621F19EECB1000A3069A /* AppDelegate.swift in Sources */ = {isa = PBXBuildFile; fileRef = 1FB5621E19EECB1000A3069A /* AppDelegate.swift */; };
		1FB5622119EECB1000A3069A /* ViewController.swift in Sources */ = {isa = PBXBuildFile; fileRef = 1FB5622019EECB1000A3069A /* ViewController.swift */; };
		1FB5622419EECB1000A3069A /* Main.storyboard in Resources */ = {isa = PBXBuildFile; fileRef = 1FB5622219EECB1000A3069A /* Main.storyboard */; };
		1FB5622619EECB1000A3069A /* Images.xcassets in Resources */ = {isa = PBXBuildFile; fileRef = 1FB5622519EECB1000A3069A /* Images.xcassets */; };
		1FB5622919EECB1000A3069A /* LaunchScreen.xib in Resources */ = {isa = PBXBuildFile; fileRef = 1FB5622719EECB1000A3069A /* LaunchScreen.xib */; };
		1FB5623519EECB1100A3069A /* UnknownTests.swift in Sources */ = {isa = PBXBuildFile; fileRef = 1FB5623419EECB1100A3069A /* UnknownTests.swift */; };
		1FB5624719EECB3800A3069A /* KeyboardViewController.swift in Sources */ = {isa = PBXBuildFile; fileRef = 1FB5624619EECB3800A3069A /* KeyboardViewController.swift */; };
		1FB5624A19EECB3800A3069A /* UnknownKeyboard.appex in Embed App Extensions */ = {isa = PBXBuildFile; fileRef = 1FB5624219EECB3800A3069A /* UnknownKeyboard.appex */; settings = {ATTRIBUTES = (RemoveHeadersOnCopy, ); }; };
		1FB5626E19EECB8100A3069A /* 201!.png in Resources */ = {isa = PBXBuildFile; fileRef = 1FB5625219EECB8100A3069A /* 201!.png */; };
		1FB5626F19EECB8100A3069A /* 201?.png in Resources */ = {isa = PBXBuildFile; fileRef = 1FB5625319EECB8100A3069A /* 201?.png */; };
		1FB5627019EECB8100A3069A /* 201a.png in Resources */ = {isa = PBXBuildFile; fileRef = 1FB5625419EECB8100A3069A /* 201a.png */; };
		1FB5627119EECB8100A3069A /* 201b.png in Resources */ = {isa = PBXBuildFile; fileRef = 1FB5625519EECB8100A3069A /* 201b.png */; };
		1FB5627219EECB8100A3069A /* 201c.png in Resources */ = {isa = PBXBuildFile; fileRef = 1FB5625619EECB8100A3069A /* 201c.png */; };
		1FB5627319EECB8100A3069A /* 201d.png in Resources */ = {isa = PBXBuildFile; fileRef = 1FB5625719EECB8100A3069A /* 201d.png */; };
		1FB5627419EECB8100A3069A /* 201e.png in Resources */ = {isa = PBXBuildFile; fileRef = 1FB5625819EECB8100A3069A /* 201e.png */; };
		1FB5627519EECB8100A3069A /* 201f.png in Resources */ = {isa = PBXBuildFile; fileRef = 1FB5625919EECB8100A3069A /* 201f.png */; };
		1FB5627619EECB8100A3069A /* 201g.png in Resources */ = {isa = PBXBuildFile; fileRef = 1FB5625A19EECB8100A3069A /* 201g.png */; };
		1FB5627719EECB8100A3069A /* 201h.png in Resources */ = {isa = PBXBuildFile; fileRef = 1FB5625B19EECB8100A3069A /* 201h.png */; };
		1FB5627819EECB8100A3069A /* 201i.png in Resources */ = {isa = PBXBuildFile; fileRef = 1FB5625C19EECB8100A3069A /* 201i.png */; };
		1FB5627919EECB8100A3069A /* 201j.png in Resources */ = {isa = PBXBuildFile; fileRef = 1FB5625D19EECB8100A3069A /* 201j.png */; };
		1FB5627A19EECB8100A3069A /* 201k.png in Resources */ = {isa = PBXBuildFile; fileRef = 1FB5625E19EECB8100A3069A /* 201k.png */; };
		1FB5627B19EECB8100A3069A /* 201l.png in Resources */ = {isa = PBXBuildFile; fileRef = 1FB5625F19EECB8100A3069A /* 201l.png */; };
		1FB5627C19EECB8100A3069A /* 201m.png in Resources */ = {isa = PBXBuildFile; fileRef = 1FB5626019EECB8100A3069A /* 201m.png */; };
		1FB5627D19EECB8100A3069A /* 201n.png in Resources */ = {isa = PBXBuildFile; fileRef = 1FB5626119EECB8100A3069A /* 201n.png */; };
		1FB5627E19EECB8100A3069A /* 201o.png in Resources */ = {isa = PBXBuildFile; fileRef = 1FB5626219EECB8100A3069A /* 201o.png */; };
		1FB5627F19EECB8100A3069A /* 201p.png in Resources */ = {isa = PBXBuildFile; fileRef = 1FB5626319EECB8100A3069A /* 201p.png */; };
		1FB5628019EECB8100A3069A /* 201q.png in Resources */ = {isa = PBXBuildFile; fileRef = 1FB5626419EECB8100A3069A /* 201q.png */; };
		1FB5628119EECB8100A3069A /* 201r.png in Resources */ = {isa = PBXBuildFile; fileRef = 1FB5626519EECB8100A3069A /* 201r.png */; };
		1FB5628219EECB8100A3069A /* 201s.png in Resources */ = {isa = PBXBuildFile; fileRef = 1FB5626619EECB8100A3069A /* 201s.png */; };
		1FB5628319EECB8100A3069A /* 201t.png in Resources */ = {isa = PBXBuildFile; fileRef = 1FB5626719EECB8100A3069A /* 201t.png */; };
		1FB5628419EECB8100A3069A /* 201u.png in Resources */ = {isa = PBXBuildFile; fileRef = 1FB5626819EECB8100A3069A /* 201u.png */; };
		1FB5628519EECB8100A3069A /* 201v.png in Resources */ = {isa = PBXBuildFile; fileRef = 1FB5626919EECB8100A3069A /* 201v.png */; };
		1FB5628619EECB8100A3069A /* 201w.png in Resources */ = {isa = PBXBuildFile; fileRef = 1FB5626A19EECB8100A3069A /* 201w.png */; };
		1FB5628719EECB8100A3069A /* 201x.png in Resources */ = {isa = PBXBuildFile; fileRef = 1FB5626B19EECB8100A3069A /* 201x.png */; };
		1FB5628819EECB8100A3069A /* 201y.png in Resources */ = {isa = PBXBuildFile; fileRef = 1FB5626C19EECB8100A3069A /* 201y.png */; };
		1FB5628919EECB8100A3069A /* 201z.png in Resources */ = {isa = PBXBuildFile; fileRef = 1FB5626D19EECB8100A3069A /* 201z.png */; };
		1FB5628B19EECBCB00A3069A /* CustomButton.swift in Sources */ = {isa = PBXBuildFile; fileRef = 1FB5628A19EECBCB00A3069A /* CustomButton.swift */; };
/* End PBXBuildFile section */

/* Begin PBXContainerItemProxy section */
		1FB5622F19EECB1100A3069A /* PBXContainerItemProxy */ = {
			isa = PBXContainerItemProxy;
			containerPortal = 1FB5621119EECB1000A3069A /* Project object */;
			proxyType = 1;
			remoteGlobalIDString = 1FB5621819EECB1000A3069A;
			remoteInfo = Unknown;
		};
		1FB5624819EECB3800A3069A /* PBXContainerItemProxy */ = {
			isa = PBXContainerItemProxy;
			containerPortal = 1FB5621119EECB1000A3069A /* Project object */;
			proxyType = 1;
			remoteGlobalIDString = 1FB5624119EECB3800A3069A;
			remoteInfo = UnknownKeyboard;
		};
		1FB5624B19EECB3800A3069A /* PBXContainerItemProxy */ = {
			isa = PBXContainerItemProxy;
			containerPortal = 1FB5621119EECB1000A3069A /* Project object */;
			proxyType = 1;
			remoteGlobalIDString = 1FB5624119EECB3800A3069A;
			remoteInfo = UnknownKeyboard;
		};
/* End PBXContainerItemProxy section */

/* Begin PBXCopyFilesBuildPhase section */
		1FB5625019EECB3800A3069A /* Embed App Extensions */ = {
			isa = PBXCopyFilesBuildPhase;
			buildActionMask = 2147483647;
			dstPath = "";
			dstSubfolderSpec = 13;
			files = (
				1FB5624A19EECB3800A3069A /* UnknownKeyboard.appex in Embed App Extensions */,
			);
			name = "Embed App Extensions";
			runOnlyForDeploymentPostprocessing = 0;
		};
/* End PBXCopyFilesBuildPhase section */

/* Begin PBXFileReference section */
		1F8A688819EEFA7300182872 /* 132.png */ = {isa = PBXFileReference; lastKnownFileType = image.png; path = 132.png; sourceTree = "<group>"; };
		1FB5621919EECB1000A3069A /* Unknown.app */ = {isa = PBXFileReference; explicitFileType = wrapper.application; includeInIndex = 0; path = Unknown.app; sourceTree = BUILT_PRODUCTS_DIR; };
		1FB5621D19EECB1000A3069A /* Info.plist */ = {isa = PBXFileReference; lastKnownFileType = text.plist.xml; path = Info.plist; sourceTree = "<group>"; };
		1FB5621E19EECB1000A3069A /* AppDelegate.swift */ = {isa = PBXFileReference; lastKnownFileType = sourcecode.swift; path = AppDelegate.swift; sourceTree = "<group>"; };
		1FB5622019EECB1000A3069A /* ViewController.swift */ = {isa = PBXFileReference; lastKnownFileType = sourcecode.swift; path = ViewController.swift; sourceTree = "<group>"; };
		1FB5622319EECB1000A3069A /* Base */ = {isa = PBXFileReference; lastKnownFileType = file.storyboard; name = Base; path = Base.lproj/Main.storyboard; sourceTree = "<group>"; };
		1FB5622519EECB1000A3069A /* Images.xcassets */ = {isa = PBXFileReference; lastKnownFileType = folder.assetcatalog; path = Images.xcassets; sourceTree = "<group>"; };
		1FB5622819EECB1000A3069A /* Base */ = {isa = PBXFileReference; lastKnownFileType = file.xib; name = Base; path = Base.lproj/LaunchScreen.xib; sourceTree = "<group>"; };
		1FB5622E19EECB1100A3069A /* UnknownTests.xctest */ = {isa = PBXFileReference; explicitFileType = wrapper.cfbundle; includeInIndex = 0; path = UnknownTests.xctest; sourceTree = BUILT_PRODUCTS_DIR; };
		1FB5623319EECB1100A3069A /* Info.plist */ = {isa = PBXFileReference; lastKnownFileType = text.plist.xml; path = Info.plist; sourceTree = "<group>"; };
		1FB5623419EECB1100A3069A /* UnknownTests.swift */ = {isa = PBXFileReference; lastKnownFileType = sourcecode.swift; path = UnknownTests.swift; sourceTree = "<group>"; };
		1FB5624219EECB3800A3069A /* UnknownKeyboard.appex */ = {isa = PBXFileReference; explicitFileType = "wrapper.app-extension"; includeInIndex = 0; path = UnknownKeyboard.appex; sourceTree = BUILT_PRODUCTS_DIR; };
		1FB5624519EECB3800A3069A /* Info.plist */ = {isa = PBXFileReference; lastKnownFileType = text.plist.xml; path = Info.plist; sourceTree = "<group>"; };
		1FB5624619EECB3800A3069A /* KeyboardViewController.swift */ = {isa = PBXFileReference; lastKnownFileType = sourcecode.swift; path = KeyboardViewController.swift; sourceTree = "<group>"; };
		1FB5625219EECB8100A3069A /* 201!.png */ = {isa = PBXFileReference; lastKnownFileType = image.png; path = "201!.png"; sourceTree = "<group>"; };
		1FB5625319EECB8100A3069A /* 201?.png */ = {isa = PBXFileReference; lastKnownFileType = image.png; path = "201?.png"; sourceTree = "<group>"; };
		1FB5625419EECB8100A3069A /* 201a.png */ = {isa = PBXFileReference; lastKnownFileType = image.png; path = 201a.png; sourceTree = "<group>"; };
		1FB5625519EECB8100A3069A /* 201b.png */ = {isa = PBXFileReference; lastKnownFileType = image.png; path = 201b.png; sourceTree = "<group>"; };
		1FB5625619EECB8100A3069A /* 201c.png */ = {isa = PBXFileReference; lastKnownFileType = image.png; path = 201c.png; sourceTree = "<group>"; };
		1FB5625719EECB8100A3069A /* 201d.png */ = {isa = PBXFileReference; lastKnownFileType = image.png; path = 201d.png; sourceTree = "<group>"; };
		1FB5625819EECB8100A3069A /* 201e.png */ = {isa = PBXFileReference; lastKnownFileType = image.png; path = 201e.png; sourceTree = "<group>"; };
		1FB5625919EECB8100A3069A /* 201f.png */ = {isa = PBXFileReference; lastKnownFileType = image.png; path = 201f.png; sourceTree = "<group>"; };
		1FB5625A19EECB8100A3069A /* 201g.png */ = {isa = PBXFileReference; lastKnownFileType = image.png; path = 201g.png; sourceTree = "<group>"; };
		1FB5625B19EECB8100A3069A /* 201h.png */ = {isa = PBXFileReference; lastKnownFileType = image.png; path = 201h.png; sourceTree = "<group>"; };
		1FB5625C19EECB8100A3069A /* 201i.png */ = {isa = PBXFileReference; lastKnownFileType = image.png; path = 201i.png; sourceTree = "<group>"; };
		1FB5625D19EECB8100A3069A /* 201j.png */ = {isa = PBXFileReference; lastKnownFileType = image.png; path = 201j.png; sourceTree = "<group>"; };
		1FB5625E19EECB8100A3069A /* 201k.png */ = {isa = PBXFileReference; lastKnownFileType = image.png; path = 201k.png; sourceTree = "<group>"; };
		1FB5625F19EECB8100A3069A /* 201l.png */ = {isa = PBXFileReference; lastKnownFileType = image.png; path = 201l.png; sourceTree = "<group>"; };
		1FB5626019EECB8100A3069A /* 201m.png */ = {isa = PBXFileReference; lastKnownFileType = image.png; path = 201m.png; sourceTree = "<group>"; };
		1FB5626119EECB8100A3069A /* 201n.png */ = {isa = PBXFileReference; lastKnownFileType = image.png; path = 201n.png; sourceTree = "<group>"; };
		1FB5626219EECB8100A3069A /* 201o.png */ = {isa = PBXFileReference; lastKnownFileType = image.png; path = 201o.png; sourceTree = "<group>"; };
		1FB5626319EECB8100A3069A /* 201p.png */ = {isa = PBXFileReference; lastKnownFileType = image.png; path = 201p.png; sourceTree = "<group>"; };
		1FB5626419EECB8100A3069A /* 201q.png */ = {isa = PBXFileReference; lastKnownFileType = image.png; path = 201q.png; sourceTree = "<group>"; };
		1FB5626519EECB8100A3069A /* 201r.png */ = {isa = PBXFileReference; lastKnownFileType = image.png; path = 201r.png; sourceTree = "<group>"; };
		1FB5626619EECB8100A3069A /* 201s.png */ = {isa = PBXFileReference; lastKnownFileType = image.png; path = 201s.png; sourceTree = "<group>"; };
		1FB5626719EECB8100A3069A /* 201t.png */ = {isa = PBXFileReference; lastKnownFileType = image.png; path = 201t.png; sourceTree = "<group>"; };
		1FB5626819EECB8100A3069A /* 201u.png */ = {isa = PBXFileReference; lastKnownFileType = image.png; path = 201u.png; sourceTree = "<group>"; };
		1FB5626919EECB8100A3069A /* 201v.png */ = {isa = PBXFileReference; lastKnownFileType = image.png; path = 201v.png; sourceTree = "<group>"; };
		1FB5626A19EECB8100A3069A /* 201w.png */ = {isa = PBXFileReference; lastKnownFileType = image.png; path = 201w.png; sourceTree = "<group>"; };
		1FB5626B19EECB8100A3069A /* 201x.png */ = {isa = PBXFileReference; lastKnownFileType = image.png; path = 201x.png; sourceTree = "<group>"; };
		1FB5626C19EECB8100A3069A /* 201y.png */ = {isa = PBXFileReference; lastKnownFileType = image.png; path = 201y.png; sourceTree = "<group>"; };
		1FB5626D19EECB8100A3069A /* 201z.png */ = {isa = PBXFileReference; lastKnownFileType = image.png; path = 201z.png; sourceTree = "<group>"; };
		1FB5628A19EECBCB00A3069A /* CustomButton.swift */ = {isa = PBXFileReference; fileEncoding = 4; lastKnownFileType = sourcecode.swift; path = CustomButton.swift; sourceTree = "<group>"; };
/* End PBXFileReference section */

/* Begin PBXFrameworksBuildPhase section */
		1FB5621619EECB1000A3069A /* Frameworks */ = {
			isa = PBXFrameworksBuildPhase;
			buildActionMask = 2147483647;
			files = (
			);
			runOnlyForDeploymentPostprocessing = 0;
		};
		1FB5622B19EECB1100A3069A /* Frameworks */ = {
			isa = PBXFrameworksBuildPhase;
			buildActionMask = 2147483647;
			files = (
			);
			runOnlyForDeploymentPostprocessing = 0;
		};
		1FB5623F19EECB3800A3069A /* Frameworks */ = {
			isa = PBXFrameworksBuildPhase;
			buildActionMask = 2147483647;
			files = (
			);
			runOnlyForDeploymentPostprocessing = 0;
		};
/* End PBXFrameworksBuildPhase section */

/* Begin PBXGroup section */
		1FB5621019EECB1000A3069A = {
			isa = PBXGroup;
			children = (
				1FB5621B19EECB1000A3069A /* Unknown */,
				1FB5623119EECB1100A3069A /* UnknownTests */,
				1FB5624319EECB3800A3069A /* UnknownKeyboard */,
				1FB5621A19EECB1000A3069A /* Products */,
			);
			sourceTree = "<group>";
		};
		1FB5621A19EECB1000A3069A /* Products */ = {
			isa = PBXGroup;
			children = (
				1FB5621919EECB1000A3069A /* Unknown.app */,
				1FB5622E19EECB1100A3069A /* UnknownTests.xctest */,
				1FB5624219EECB3800A3069A /* UnknownKeyboard.appex */,
			);
			name = Products;
			sourceTree = "<group>";
		};
		1FB5621B19EECB1000A3069A /* Unknown */ = {
			isa = PBXGroup;
			children = (
				1FB5621E19EECB1000A3069A /* AppDelegate.swift */,
				1FB5622019EECB1000A3069A /* ViewController.swift */,
				1FB5622219EECB1000A3069A /* Main.storyboard */,
				1FB5622519EECB1000A3069A /* Images.xcassets */,
				1FB5622719EECB1000A3069A /* LaunchScreen.xib */,
				1FB5621C19EECB1000A3069A /* Supporting Files */,
			);
			path = Unknown;
			sourceTree = "<group>";
		};
		1FB5621C19EECB1000A3069A /* Supporting Files */ = {
			isa = PBXGroup;
			children = (
				1FB5621D19EECB1000A3069A /* Info.plist */,
			);
			name = "Supporting Files";
			sourceTree = "<group>";
		};
		1FB5623119EECB1100A3069A /* UnknownTests */ = {
			isa = PBXGroup;
			children = (
				1FB5623419EECB1100A3069A /* UnknownTests.swift */,
				1FB5623219EECB1100A3069A /* Supporting Files */,
			);
			path = UnknownTests;
			sourceTree = "<group>";
		};
		1FB5623219EECB1100A3069A /* Supporting Files */ = {
			isa = PBXGroup;
			children = (
				1FB5623319EECB1100A3069A /* Info.plist */,
			);
			name = "Supporting Files";
			sourceTree = "<group>";
		};
		1FB5624319EECB3800A3069A /* UnknownKeyboard */ = {
			isa = PBXGroup;
			children = (
				1FB5624619EECB3800A3069A /* KeyboardViewController.swift */,
				1FB5628A19EECBCB00A3069A /* CustomButton.swift */,
				1F8A688819EEFA7300182872 /* 132.png */,
				1FB5625119EECB6900A3069A /* 201 */,
				1FB5624419EECB3800A3069A /* Supporting Files */,
			);
			path = UnknownKeyboard;
			sourceTree = "<group>";
		};
		1FB5624419EECB3800A3069A /* Supporting Files */ = {
			isa = PBXGroup;
			children = (
				1FB5624519EECB3800A3069A /* Info.plist */,
			);
			name = "Supporting Files";
			sourceTree = "<group>";
		};
		1FB5625119EECB6900A3069A /* 201 */ = {
			isa = PBXGroup;
			children = (
				1FB5625219EECB8100A3069A /* 201!.png */,
				1FB5625319EECB8100A3069A /* 201?.png */,
				1FB5625419EECB8100A3069A /* 201a.png */,
				1FB5625519EECB8100A3069A /* 201b.png */,
				1FB5625619EECB8100A3069A /* 201c.png */,
				1FB5625719EECB8100A3069A /* 201d.png */,
				1FB5625819EECB8100A3069A /* 201e.png */,
				1FB5625919EECB8100A3069A /* 201f.png */,
				1FB5625A19EECB8100A3069A /* 201g.png */,
				1FB5625B19EECB8100A3069A /* 201h.png */,
				1FB5625C19EECB8100A3069A /* 201i.png */,
				1FB5625D19EECB8100A3069A /* 201j.png */,
				1FB5625E19EECB8100A3069A /* 201k.png */,
				1FB5625F19EECB8100A3069A /* 201l.png */,
				1FB5626019EECB8100A3069A /* 201m.png */,
				1FB5626119EECB8100A3069A /* 201n.png */,
				1FB5626219EECB8100A3069A /* 201o.png */,
				1FB5626319EECB8100A3069A /* 201p.png */,
				1FB5626419EECB8100A3069A /* 201q.png */,
				1FB5626519EECB8100A3069A /* 201r.png */,
				1FB5626619EECB8100A3069A /* 201s.png */,
				1FB5626719EECB8100A3069A /* 201t.png */,
				1FB5626819EECB8100A3069A /* 201u.png */,
				1FB5626919EECB8100A3069A /* 201v.png */,
				1FB5626A19EECB8100A3069A /* 201w.png */,
				1FB5626B19EECB8100A3069A /* 201x.png */,
				1FB5626C19EECB8100A3069A /* 201y.png */,
				1FB5626D19EECB8100A3069A /* 201z.png */,
			);
			name = 201;
			sourceTree = "<group>";
		};
/* End PBXGroup section */

/* Begin PBXNativeTarget section */
		1FB5621819EECB1000A3069A /* Unknown */ = {
			isa = PBXNativeTarget;
			buildConfigurationList = 1FB5623819EECB1100A3069A /* Build configuration list for PBXNativeTarget "Unknown" */;
			buildPhases = (
				1FB5621519EECB1000A3069A /* Sources */,
				1FB5621619EECB1000A3069A /* Frameworks */,
				1FB5621719EECB1000A3069A /* Resources */,
				1FB5625019EECB3800A3069A /* Embed App Extensions */,
			);
			buildRules = (
			);
			dependencies = (
				1FB5624919EECB3800A3069A /* PBXTargetDependency */,
				1FB5624C19EECB3800A3069A /* PBXTargetDependency */,
			);
			name = Unknown;
			productName = Unknown;
			productReference = 1FB5621919EECB1000A3069A /* Unknown.app */;
			productType = "com.apple.product-type.application";
		};
		1FB5622D19EECB1100A3069A /* UnknownTests */ = {
			isa = PBXNativeTarget;
			buildConfigurationList = 1FB5623B19EECB1100A3069A /* Build configuration list for PBXNativeTarget "UnknownTests" */;
			buildPhases = (
				1FB5622A19EECB1100A3069A /* Sources */,
				1FB5622B19EECB1100A3069A /* Frameworks */,
				1FB5622C19EECB1100A3069A /* Resources */,
			);
			buildRules = (
			);
			dependencies = (
				1FB5623019EECB1100A3069A /* PBXTargetDependency */,
			);
			name = UnknownTests;
			productName = UnknownTests;
			productReference = 1FB5622E19EECB1100A3069A /* UnknownTests.xctest */;
			productType = "com.apple.product-type.bundle.unit-test";
		};
		1FB5624119EECB3800A3069A /* UnknownKeyboard */ = {
			isa = PBXNativeTarget;
			buildConfigurationList = 1FB5624D19EECB3800A3069A /* Build configuration list for PBXNativeTarget "UnknownKeyboard" */;
			buildPhases = (
				1FB5623E19EECB3800A3069A /* Sources */,
				1FB5623F19EECB3800A3069A /* Frameworks */,
				1FB5624019EECB3800A3069A /* Resources */,
			);
			buildRules = (
			);
			dependencies = (
			);
			name = UnknownKeyboard;
			productName = UnknownKeyboard;
			productReference = 1FB5624219EECB3800A3069A /* UnknownKeyboard.appex */;
			productType = "com.apple.product-type.app-extension";
		};
/* End PBXNativeTarget section */

/* Begin PBXProject section */
		1FB5621119EECB1000A3069A /* Project object */ = {
			isa = PBXProject;
			attributes = {
				LastUpgradeCheck = 0600;
				ORGANIZATIONNAME = "g-2016";
				TargetAttributes = {
					1FB5621819EECB1000A3069A = {
						CreatedOnToolsVersion = 6.0.1;
					};
					1FB5622D19EECB1100A3069A = {
						CreatedOnToolsVersion = 6.0.1;
						TestTargetID = 1FB5621819EECB1000A3069A;
					};
					1FB5624119EECB3800A3069A = {
						CreatedOnToolsVersion = 6.0.1;
					};
				};
			};
			buildConfigurationList = 1FB5621419EECB1000A3069A /* Build configuration list for PBXProject "Unknown" */;
			compatibilityVersion = "Xcode 3.2";
			developmentRegion = English;
			hasScannedForEncodings = 0;
			knownRegions = (
				en,
				Base,
			);
			mainGroup = 1FB5621019EECB1000A3069A;
			productRefGroup = 1FB5621A19EECB1000A3069A /* Products */;
			projectDirPath = "";
			projectRoot = "";
			targets = (
				1FB5621819EECB1000A3069A /* Unknown */,
				1FB5622D19EECB1100A3069A /* UnknownTests */,
				1FB5624119EECB3800A3069A /* UnknownKeyboard */,
			);
		};
/* End PBXProject section */

/* Begin PBXResourcesBuildPhase section */
		1FB5621719EECB1000A3069A /* Resources */ = {
			isa = PBXResourcesBuildPhase;
			buildActionMask = 2147483647;
			files = (
				1FB5622419EECB1000A3069A /* Main.storyboard in Resources */,
				1FB5622919EECB1000A3069A /* LaunchScreen.xib in Resources */,
				1FB5622619EECB1000A3069A /* Images.xcassets in Resources */,
			);
			runOnlyForDeploymentPostprocessing = 0;
		};
		1FB5622C19EECB1100A3069A /* Resources */ = {
			isa = PBXResourcesBuildPhase;
			buildActionMask = 2147483647;
			files = (
			);
			runOnlyForDeploymentPostprocessing = 0;
		};
		1FB5624019EECB3800A3069A /* Resources */ = {
			isa = PBXResourcesBuildPhase;
			buildActionMask = 2147483647;
			files = (
				1FB5628919EECB8100A3069A /* 201z.png in Resources */,
				1FB5628819EECB8100A3069A /* 201y.png in Resources */,
				1FB5628219EECB8100A3069A /* 201s.png in Resources */,
				1FB5627F19EECB8100A3069A /* 201p.png in Resources */,
				1FB5627B19EECB8100A3069A /* 201l.png in Resources */,
				1FB5627919EECB8100A3069A /* 201j.png in Resources */,
				1FB5627619EECB8100A3069A /* 201g.png in Resources */,
				1FB5627419EECB8100A3069A /* 201e.png in Resources */,
				1FB5627E19EECB8100A3069A /* 201o.png in Resources */,
				1FB5627A19EECB8100A3069A /* 201k.png in Resources */,
				1FB5628319EECB8100A3069A /* 201t.png in Resources */,
				1FB5627719EECB8100A3069A /* 201h.png in Resources */,
				1FB5627319EECB8100A3069A /* 201d.png in Resources */,
				1FB5627119EECB8100A3069A /* 201b.png in Resources */,
				1FB5628519EECB8100A3069A /* 201v.png in Resources */,
				1FB5628019EECB8100A3069A /* 201q.png in Resources */,
				1FB5627019EECB8100A3069A /* 201a.png in Resources */,
				1FB5628119EECB8100A3069A /* 201r.png in Resources */,
				1FB5628719EECB8100A3069A /* 201x.png in Resources */,
				1FB5627519EECB8100A3069A /* 201f.png in Resources */,
				1FB5627219EECB8100A3069A /* 201c.png in Resources */,
				1FB5627819EECB8100A3069A /* 201i.png in Resources */,
				1FB5627D19EECB8100A3069A /* 201n.png in Resources */,
				1FB5628419EECB8100A3069A /* 201u.png in Resources */,
				1F8A688919EEFA7300182872 /* 132.png in Resources */,
				1FB5627C19EECB8100A3069A /* 201m.png in Resources */,
				1FB5628619EECB8100A3069A /* 201w.png in Resources */,
				1FB5626E19EECB8100A3069A /* 201!.png in Resources */,
				1FB5626F19EECB8100A3069A /* 201?.png in Resources */,
			);
			runOnlyForDeploymentPostprocessing = 0;
		};
/* End PBXResourcesBuildPhase section */

/* Begin PBXSourcesBuildPhase section */
		1FB5621519EECB1000A3069A /* Sources */ = {
			isa = PBXSourcesBuildPhase;
			buildActionMask = 2147483647;
			files = (
				1FB5622119EECB1000A3069A /* ViewController.swift in Sources */,
				1FB5621F19EECB1000A3069A /* AppDelegate.swift in Sources */,
			);
			runOnlyForDeploymentPostprocessing = 0;
		};
		1FB5622A19EECB1100A3069A /* Sources */ = {
			isa = PBXSourcesBuildPhase;
			buildActionMask = 2147483647;
			files = (
				1FB5623519EECB1100A3069A /* UnknownTests.swift in Sources */,
			);
			runOnlyForDeploymentPostprocessing = 0;
		};
		1FB5623E19EECB3800A3069A /* Sources */ = {
			isa = PBXSourcesBuildPhase;
			buildActionMask = 2147483647;
			files = (
				1FB5628B19EECBCB00A3069A /* CustomButton.swift in Sources */,
				1FB5624719EECB3800A3069A /* KeyboardViewController.swift in Sources */,
			);
			runOnlyForDeploymentPostprocessing = 0;
		};
/* End PBXSourcesBuildPhase section */

/* Begin PBXTargetDependency section */
		1FB5623019EECB1100A3069A /* PBXTargetDependency */ = {
			isa = PBXTargetDependency;
			target = 1FB5621819EECB1000A3069A /* Unknown */;
			targetProxy = 1FB5622F19EECB1100A3069A /* PBXContainerItemProxy */;
		};
		1FB5624919EECB3800A3069A /* PBXTargetDependency */ = {
			isa = PBXTargetDependency;
			target = 1FB5624119EECB3800A3069A /* UnknownKeyboard */;
			targetProxy = 1FB5624819EECB3800A3069A /* PBXContainerItemProxy */;
		};
		1FB5624C19EECB3800A3069A /* PBXTargetDependency */ = {
			isa = PBXTargetDependency;
			target = 1FB5624119EECB3800A3069A /* UnknownKeyboard */;
			targetProxy = 1FB5624B19EECB3800A3069A /* PBXContainerItemProxy */;
		};
/* End PBXTargetDependency section */

/* Begin PBXVariantGroup section */
		1FB5622219EECB1000A3069A /* Main.storyboard */ = {
			isa = PBXVariantGroup;
			children = (
				1FB5622319EECB1000A3069A /* Base */,
			);
			name = Main.storyboard;
			sourceTree = "<group>";
		};
		1FB5622719EECB1000A3069A /* LaunchScreen.xib */ = {
			isa = PBXVariantGroup;
			children = (
				1FB5622819EECB1000A3069A /* Base */,
			);
			name = LaunchScreen.xib;
			sourceTree = "<group>";
		};
/* End PBXVariantGroup section */

/* Begin XCBuildConfiguration section */
		1FB5623619EECB1100A3069A /* Debug */ = {
			isa = XCBuildConfiguration;
			buildSettings = {
				ALWAYS_SEARCH_USER_PATHS = NO;
				CLANG_CXX_LANGUAGE_STANDARD = "gnu++0x";
				CLANG_CXX_LIBRARY = "libc++";
				CLANG_ENABLE_MODULES = YES;
				CLANG_ENABLE_OBJC_ARC = YES;
				CLANG_WARN_BOOL_CONVERSION = YES;
				CLANG_WARN_CONSTANT_CONVERSION = YES;
				CLANG_WARN_DIRECT_OBJC_ISA_USAGE = YES_ERROR;
				CLANG_WARN_EMPTY_BODY = YES;
				CLANG_WARN_ENUM_CONVERSION = YES;
				CLANG_WARN_INT_CONVERSION = YES;
				CLANG_WARN_OBJC_ROOT_CLASS = YES_ERROR;
				CLANG_WARN_UNREACHABLE_CODE = YES;
				CLANG_WARN__DUPLICATE_METHOD_MATCH = YES;
				"CODE_SIGN_IDENTITY[sdk=iphoneos*]" = "iPhone Developer";
				COPY_PHASE_STRIP = NO;
				ENABLE_STRICT_OBJC_MSGSEND = YES;
				GCC_C_LANGUAGE_STANDARD = gnu99;
				GCC_DYNAMIC_NO_PIC = NO;
				GCC_OPTIMIZATION_LEVEL = 0;
				GCC_PREPROCESSOR_DEFINITIONS = (
					"DEBUG=1",
					"$(inherited)",
				);
				GCC_SYMBOLS_PRIVATE_EXTERN = NO;
				GCC_WARN_64_TO_32_BIT_CONVERSION = YES;
				GCC_WARN_ABOUT_RETURN_TYPE = YES_ERROR;
				GCC_WARN_UNDECLARED_SELECTOR = YES;
				GCC_WARN_UNINITIALIZED_AUTOS = YES_AGGRESSIVE;
				GCC_WARN_UNUSED_FUNCTION = YES;
				GCC_WARN_UNUSED_VARIABLE = YES;
				IPHONEOS_DEPLOYMENT_TARGET = 8.0;
				MTL_ENABLE_DEBUG_INFO = YES;
				ONLY_ACTIVE_ARCH = YES;
				SDKROOT = iphoneos;
				SWIFT_OPTIMIZATION_LEVEL = "-Onone";
			};
			name = Debug;
		};
		1FB5623719EECB1100A3069A /* Release */ = {
			isa = XCBuildConfiguration;
			buildSettings = {
				ALWAYS_SEARCH_USER_PATHS = NO;
				CLANG_CXX_LANGUAGE_STANDARD = "gnu++0x";
				CLANG_CXX_LIBRARY = "libc++";
				CLANG_ENABLE_MODULES = YES;
				CLANG_ENABLE_OBJC_ARC = YES;
				CLANG_WARN_BOOL_CONVERSION = YES;
				CLANG_WARN_CONSTANT_CONVERSION = YES;
				CLANG_WARN_DIRECT_OBJC_ISA_USAGE = YES_ERROR;
				CLANG_WARN_EMPTY_BODY = YES;
				CLANG_WARN_ENUM_CONVERSION = YES;
				CLANG_WARN_INT_CONVERSION = YES;
				CLANG_WARN_OBJC_ROOT_CLASS = YES_ERROR;
				CLANG_WARN_UNREACHABLE_CODE = YES;
				CLANG_WARN__DUPLICATE_METHOD_MATCH = YES;
				"CODE_SIGN_IDENTITY[sdk=iphoneos*]" = "iPhone Developer";
				COPY_PHASE_STRIP = YES;
				ENABLE_NS_ASSERTIONS = NO;
				ENABLE_STRICT_OBJC_MSGSEND = YES;
				GCC_C_LANGUAGE_STANDARD = gnu99;
				GCC_WARN_64_TO_32_BIT_CONVERSION = YES;
				GCC_WARN_ABOUT_RETURN_TYPE = YES_ERROR;
				GCC_WARN_UNDECLARED_SELECTOR = YES;
				GCC_WARN_UNINITIALIZED_AUTOS = YES_AGGRESSIVE;
				GCC_WARN_UNUSED_FUNCTION = YES;
				GCC_WARN_UNUSED_VARIABLE = YES;
				IPHONEOS_DEPLOYMENT_TARGET = 8.0;
				MTL_ENABLE_DEBUG_INFO = NO;
				SDKROOT = iphoneos;
				VALIDATE_PRODUCT = YES;
			};
			name = Release;
		};
		1FB5623919EECB1100A3069A /* Debug */ = {
			isa = XCBuildConfiguration;
			buildSettings = {
				ASSETCATALOG_COMPILER_APPICON_NAME = AppIcon;
				INFOPLIST_FILE = Unknown/Info.plist;
				LD_RUNPATH_SEARCH_PATHS = "$(inherited) @executable_path/Frameworks";
				PRODUCT_NAME = "$(TARGET_NAME)";
			};
			name = Debug;
		};
		1FB5623A19EECB1100A3069A /* Release */ = {
			isa = XCBuildConfiguration;
			buildSettings = {
				ASSETCATALOG_COMPILER_APPICON_NAME = AppIcon;
				INFOPLIST_FILE = Unknown/Info.plist;
				LD_RUNPATH_SEARCH_PATHS = "$(inherited) @executable_path/Frameworks";
				PRODUCT_NAME = "$(TARGET_NAME)";
			};
			name = Release;
		};
		1FB5623C19EECB1100A3069A /* Debug */ = {
			isa = XCBuildConfiguration;
			buildSettings = {
				BUNDLE_LOADER = "$(TEST_HOST)";
				FRAMEWORK_SEARCH_PATHS = (
					"$(SDKROOT)/Developer/Library/Frameworks",
					"$(inherited)",
				);
				GCC_PREPROCESSOR_DEFINITIONS = (
					"DEBUG=1",
					"$(inherited)",
				);
				INFOPLIST_FILE = UnknownTests/Info.plist;
				LD_RUNPATH_SEARCH_PATHS = "$(inherited) @executable_path/Frameworks @loader_path/Frameworks";
				PRODUCT_NAME = "$(TARGET_NAME)";
				TEST_HOST = "$(BUILT_PRODUCTS_DIR)/Unknown.app/Unknown";
			};
			name = Debug;
		};
		1FB5623D19EECB1100A3069A /* Release */ = {
			isa = XCBuildConfiguration;
			buildSettings = {
				BUNDLE_LOADER = "$(TEST_HOST)";
				FRAMEWORK_SEARCH_PATHS = (
					"$(SDKROOT)/Developer/Library/Frameworks",
					"$(inherited)",
				);
				INFOPLIST_FILE = UnknownTests/Info.plist;
				LD_RUNPATH_SEARCH_PATHS = "$(inherited) @executable_path/Frameworks @loader_path/Frameworks";
				PRODUCT_NAME = "$(TARGET_NAME)";
				TEST_HOST = "$(BUILT_PRODUCTS_DIR)/Unknown.app/Unknown";
			};
			name = Release;
		};
		1FB5624E19EECB3800A3069A /* Debug */ = {
			isa = XCBuildConfiguration;
			buildSettings = {
				GCC_PREPROCESSOR_DEFINITIONS = (
					"DEBUG=1",
					"$(inherited)",
				);
				INFOPLIST_FILE = UnknownKeyboard/Info.plist;
				IPHONEOS_DEPLOYMENT_TARGET = 8.1;
				LD_RUNPATH_SEARCH_PATHS = "$(inherited) @executable_path/Frameworks @executable_path/../../Frameworks";
				PRODUCT_NAME = "$(TARGET_NAME)";
				SKIP_INSTALL = YES;
				TARGETED_DEVICE_FAMILY = 1;
			};
			name = Debug;
		};
		1FB5624F19EECB3800A3069A /* Release */ = {
			isa = XCBuildConfiguration;
			buildSettings = {
				INFOPLIST_FILE = UnknownKeyboard/Info.plist;
				IPHONEOS_DEPLOYMENT_TARGET = 8.1;
				LD_RUNPATH_SEARCH_PATHS = "$(inherited) @executable_path/Frameworks @executable_path/../../Frameworks";
				PRODUCT_NAME = "$(TARGET_NAME)";
				SKIP_INSTALL = YES;
				TARGETED_DEVICE_FAMILY = 1;
			};
			name = Release;
		};
/* End XCBuildConfiguration section */

/* Begin XCConfigurationList section */
		1FB5621419EECB1000A3069A /* Build configuration list for PBXProject "Unknown" */ = {
			isa = XCConfigurationList;
			buildConfigurations = (
				1FB5623619EECB1100A3069A /* Debug */,
				1FB5623719EECB1100A3069A /* Release */,
			);
			defaultConfigurationIsVisible = 0;
			defaultConfigurationName = Release;
		};
		1FB5623819EECB1100A3069A /* Build configuration list for PBXNativeTarget "Unknown" */ = {
			isa = XCConfigurationList;
			buildConfigurations = (
				1FB5623919EECB1100A3069A /* Debug */,
				1FB5623A19EECB1100A3069A /* Release */,
			);
			defaultConfigurationIsVisible = 0;
			defaultConfigurationName = Release;
		};
		1FB5623B19EECB1100A3069A /* Build configuration list for PBXNativeTarget "UnknownTests" */ = {
			isa = XCConfigurationList;
			buildConfigurations = (
				1FB5623C19EECB1100A3069A /* Debug */,
				1FB5623D19EECB1100A3069A /* Release */,
			);
			defaultConfigurationIsVisible = 0;
			defaultConfigurationName = Release;
		};
		1FB5624D19EECB3800A3069A /* Build configuration list for PBXNativeTarget "UnknownKeyboard" */ = {
			isa = XCConfigurationList;
			buildConfigurations = (
				1FB5624E19EECB3800A3069A /* Debug */,
				1FB5624F19EECB3800A3069A /* Release */,
			);
			defaultConfigurationIsVisible = 0;
			defaultConfigurationName = Release;
		};
/* End XCConfigurationList section */
	};
	rootObject = 1FB5621119EECB1000A3069A /* Project object */;
}
